
Microsoft Visual Studio Solution File, Format Version 12.00
# Visual Studio 15
VisualStudioVersion = 15.0.27130.2003
MinimumVisualStudioVersion = 10.0.40219.1
Project("{FAE04EC0-301F-11D3-BF4B-00C04F79EFBC}") = "Control Panel Systeem", "Control Panel Systeem\Control Panel Systeem.csproj", "{9F509D60-E2EF-437B-9070-1303558EDE05}"
EndProject
Global
	GlobalSection(SolutionConfigurationPlatforms) = preSolution
		Debug|Any CPU = Debug|Any CPU
		Release|Any CPU = Release|Any CPU
	EndGlobalSection
	GlobalSection(ProjectConfigurationPlatforms) = postSolution
		{9F509D60-E2EF-437B-9070-1303558EDE05}.Debug|Any CPU.ActiveCfg = Debug|Any CPU
		{9F509D60-E2EF-437B-9070-1303558EDE05}.Debug|Any CPU.Build.0 = Debug|Any CPU
		{9F509D60-E2EF-437B-9070-1303558EDE05}.Release|Any CPU.ActiveCfg = Release|Any CPU
		{9F509D60-E2EF-437B-9070-1303558EDE05}.Release|Any CPU.Build.0 = Release|Any CPU
	EndGlobalSection
	GlobalSection(SolutionProperties) = preSolution
		HideSolutionNode = FALSE
	EndGlobalSection
	GlobalSection(ExtensibilityGlobals) = postSolution
		SolutionGuid = {5681D127-8972-474A-B0AB-43F3A2E6125B}
	EndGlobalSection
EndGlobal
